
Microsoft Visual Studio Solution File, Format Version 12.00
# Visual Studio Version 18
VisualStudioVersion = 18.7.11822.327
MinimumVisualStudioVersion = 10.0.40219.1
Project("{FAE04EC0-301F-11D3-BF4B-00C04F79EFBC}") = "Views", "TsTimeline\Views.csproj", "{562004F4-4DA5-4642-8A1C-FFE3F37BC136}"
EndProject
Project("{FAE04EC0-301F-11D3-BF4B-00C04F79EFBC}") = "Demos", "SandBox\Demos.csproj", "{E1C63CEB-EAA4-41B2-9575-A2A0EA19048F}"
EndProject
Project("{FAE04EC0-301F-11D3-BF4B-00C04F79EFBC}") = "Renderers", "Renderers\Renderers.csproj", "{D8F50453-62E9-4814-8792-1F879FA31E7C}"
EndProject
Project("{FAE04EC0-301F-11D3-BF4B-00C04F79EFBC}") = "Common", "Common\Common.csproj", "{FDCD877A-F8CC-493C-B43D-47D179271657}"
EndProject
Global
	GlobalSection(SolutionConfigurationPlatforms) = preSolution
		Debug|Any CPU = Debug|Any CPU
		Release|Any CPU = Release|Any CPU
	EndGlobalSection
	GlobalSection(ProjectConfigurationPlatforms) = postSolution
		{562004F4-4DA5-4642-8A1C-FFE3F37BC136}.Debug|Any CPU.ActiveCfg = Debug|Any CPU
		{562004F4-4DA5-4642-8A1C-FFE3F37BC136}.Debug|Any CPU.Build.0 = Debug|Any CPU
		{562004F4-4DA5-4642-8A1C-FFE3F37BC136}.Release|Any CPU.ActiveCfg = Release|Any CPU
		{562004F4-4DA5-4642-8A1C-FFE3F37BC136}.Release|Any CPU.Build.0 = Release|Any CPU
		{E1C63CEB-EAA4-41B2-9575-A2A0EA19048F}.Debug|Any CPU.ActiveCfg = Debug|Any CPU
		{E1C63CEB-EAA4-41B2-9575-A2A0EA19048F}.Debug|Any CPU.Build.0 = Debug|Any CPU
		{E1C63CEB-EAA4-41B2-9575-A2A0EA19048F}.Release|Any CPU.ActiveCfg = Release|Any CPU
		{E1C63CEB-EAA4-41B2-9575-A2A0EA19048F}.Release|Any CPU.Build.0 = Release|Any CPU
		{D8F50453-62E9-4814-8792-1F879FA31E7C}.Debug|Any CPU.ActiveCfg = Debug|Any CPU
		{D8F50453-62E9-4814-8792-1F879FA31E7C}.Debug|Any CPU.Build.0 = Debug|Any CPU
		{D8F50453-62E9-4814-8792-1F879FA31E7C}.Release|Any CPU.ActiveCfg = Release|Any CPU
		{D8F50453-62E9-4814-8792-1F879FA31E7C}.Release|Any CPU.Build.0 = Release|Any CPU
		{FDCD877A-F8CC-493C-B43D-47D179271657}.Debug|Any CPU.ActiveCfg = Debug|Any CPU
		{FDCD877A-F8CC-493C-B43D-47D179271657}.Debug|Any CPU.Build.0 = Debug|Any CPU
		{FDCD877A-F8CC-493C-B43D-47D179271657}.Release|Any CPU.ActiveCfg = Release|Any CPU
		{FDCD877A-F8CC-493C-B43D-47D179271657}.Release|Any CPU.Build.0 = Release|Any CPU
	EndGlobalSection
	GlobalSection(SolutionProperties) = preSolution
		HideSolutionNode = FALSE
	EndGlobalSection
	GlobalSection(ExtensibilityGlobals) = postSolution
		SolutionGuid = {406A8B5B-526C-4E3B-99D8-A867A7AE91C0}
	EndGlobalSection
EndGlobal
